
Microsoft Visual Studio Solution File, Format Version 12.00
# Visual Studio Version 16
VisualStudioVersion = 16.0.29806.167
MinimumVisualStudioVersion = 10.0.40219.1
Project("{FAE04EC0-301F-11D3-BF4B-00C04F79EFBC}") = "reality_tv_programfile", "reality_tv_programfile\reality_tv_programfile.csproj", "{CBA3611B-34DD-4060-9A32-819855BD01F0}"
EndProject
Global
	GlobalSection(SolutionConfigurationPlatforms) = preSolution
		Debug|Any CPU = Debug|Any CPU
		Release|Any CPU = Release|Any CPU
	EndGlobalSection
	GlobalSection(ProjectConfigurationPlatforms) = postSolution
		{CBA3611B-34DD-4060-9A32-819855BD01F0}.Debug|Any CPU.ActiveCfg = Debug|Any CPU
		{CBA3611B-34DD-4060-9A32-819855BD01F0}.Debug|Any CPU.Build.0 = Debug|Any CPU
		{CBA3611B-34DD-4060-9A32-819855BD01F0}.Release|Any CPU.ActiveCfg = Release|Any CPU
		{CBA3611B-34DD-4060-9A32-819855BD01F0}.Release|Any CPU.Build.0 = Release|Any CPU
	EndGlobalSection
	GlobalSection(SolutionProperties) = preSolution
		HideSolutionNode = FALSE
	EndGlobalSection
	GlobalSection(ExtensibilityGlobals) = postSolution
		SolutionGuid = {8B24F2EE-510E-46C6-A720-EAFB3C794CC8}
	EndGlobalSection
EndGlobal
